
Microsoft Visual Studio Solution File, Format Version 12.00
# Visual Studio Version 16
VisualStudioVersion = 16.0.30711.63
MinimumVisualStudioVersion = 10.0.40219.1
Project("{9A19103F-16F7-4668-BE54-9A1E7A4F7556}") = "DecisionTech.ShoppingBasket", "src\DecisionTech.ShoppingBasket\DecisionTech.ShoppingBasket.csproj", "{126C36FB-254C-4017-91E1-17737658D997}"
EndProject
Project("{FAE04EC0-301F-11D3-BF4B-00C04F79EFBC}") = "DecisionTech.ShoppingBasket.UnitTests", "tests\DecisionTech.ShoppingBasket.UnitTests\DecisionTech.ShoppingBasket.UnitTests.csproj", "{89157E1C-EDF8-4732-B9E8-DC1029496FBB}"
EndProject
Global
	GlobalSection(SolutionConfigurationPlatforms) = preSolution
		Debug|Any CPU = Debug|Any CPU
		Release|Any CPU = Release|Any CPU
	EndGlobalSection
	GlobalSection(ProjectConfigurationPlatforms) = postSolution
		{126C36FB-254C-4017-91E1-17737658D997}.Debug|Any CPU.ActiveCfg = Debug|Any CPU
		{126C36FB-254C-4017-91E1-17737658D997}.Debug|Any CPU.Build.0 = Debug|Any CPU
		{126C36FB-254C-4017-91E1-17737658D997}.Release|Any CPU.ActiveCfg = Release|Any CPU
		{126C36FB-254C-4017-91E1-17737658D997}.Release|Any CPU.Build.0 = Release|Any CPU
		{89157E1C-EDF8-4732-B9E8-DC1029496FBB}.Debug|Any CPU.ActiveCfg = Debug|Any CPU
		{89157E1C-EDF8-4732-B9E8-DC1029496FBB}.Debug|Any CPU.Build.0 = Debug|Any CPU
		{89157E1C-EDF8-4732-B9E8-DC1029496FBB}.Release|Any CPU.ActiveCfg = Release|Any CPU
		{89157E1C-EDF8-4732-B9E8-DC1029496FBB}.Release|Any CPU.Build.0 = Release|Any CPU
	EndGlobalSection
	GlobalSection(SolutionProperties) = preSolution
		HideSolutionNode = FALSE
	EndGlobalSection
	GlobalSection(ExtensibilityGlobals) = postSolution
		SolutionGuid = {ACB37317-51FB-442E-B0E3-9708E97E7ED9}
	EndGlobalSection
EndGlobal
